
Microsoft Visual Studio Solution File, Format Version 12.00
# Visual Studio 2015
Project("{FAE04EC0-301F-11D3-BF4B-00C04F79EFBC}") = "SH Example", "SH Example.csproj", "{05C9E18A-8A86-5E29-5091-9848F72AA0CC}"
EndProject
Global
	GlobalSection(SolutionConfigurationPlatforms) = preSolution
		Debug|Any CPU = Debug|Any CPU
		Release|Any CPU = Release|Any CPU
	EndGlobalSection
	GlobalSection(ProjectConfigurationPlatforms) = postSolution
		{05C9E18A-8A86-5E29-5091-9848F72AA0CC}.Debug|Any CPU.ActiveCfg = Debug|Any CPU
		{05C9E18A-8A86-5E29-5091-9848F72AA0CC}.Debug|Any CPU.Build.0 = Debug|Any CPU
		{05C9E18A-8A86-5E29-5091-9848F72AA0CC}.Release|Any CPU.ActiveCfg = Release|Any CPU
		{05C9E18A-8A86-5E29-5091-9848F72AA0CC}.Release|Any CPU.Build.0 = Release|Any CPU
	EndGlobalSection
	GlobalSection(SolutionProperties) = preSolution
		HideSolutionNode = FALSE
	EndGlobalSection
EndGlobal
